// !$*UTF8*$!
{
	archiveVersion = 1;
	classes = {
	};
	objectVersion = 50;
	objects = {

/* Begin PBXBuildFile section */
		84BA8330261250EA0000FBCD /* AppDelegate.swift in Sources */ = {isa = PBXBuildFile; fileRef = 84BA832F261250EA0000FBCD /* AppDelegate.swift */; };
		84BA8332261250EA0000FBCD /* SceneDelegate.swift in Sources */ = {isa = PBXBuildFile; fileRef = 84BA8331261250EA0000FBCD /* SceneDelegate.swift */; };
		84BA8334261250EA0000FBCD /* ContentView.swift in Sources */ = {isa = PBXBuildFile; fileRef = 84BA8333261250EA0000FBCD /* ContentView.swift */; };
		84BA8336261250EB0000FBCD /* Assets.xcassets in Resources */ = {isa = PBXBuildFile; fileRef = 84BA8335261250EB0000FBCD /* Assets.xcassets */; };
		84BA8339261250EB0000FBCD /* Preview Assets.xcassets in Resources */ = {isa = PBXBuildFile; fileRef = 84BA8338261250EB0000FBCD /* Preview Assets.xcassets */; };
		84BA833C261250EB0000FBCD /* LaunchScreen.storyboard in Resources */ = {isa = PBXBuildFile; fileRef = 84BA833A261250EB0000FBCD /* LaunchScreen.storyboard */; };
		84BA83452612511C0000FBCD /* FavouriteModel.swift in Sources */ = {isa = PBXBuildFile; fileRef = 84BA83442612511C0000FBCD /* FavouriteModel.swift */; };
		84F1481F26125682007E272C /* DetailsView.swift in Sources */ = {isa = PBXBuildFile; fileRef = 84F1481E26125682007E272C /* DetailsView.swift */; };
/* End PBXBuildFile section */

/* Begin PBXFileReference section */
		84BA832C261250EA0000FBCD /* FavouriteBook.app */ = {isa = PBXFileReference; explicitFileType = wrapper.application; includeInIndex = 0; path = FavouriteBook.app; sourceTree = BUILT_PRODUCTS_DIR; };
		84BA832F261250EA0000FBCD /* AppDelegate.swift */ = {isa = PBXFileReference; lastKnownFileType = sourcecode.swift; path = AppDelegate.swift; sourceTree = "<group>"; };
		84BA8331261250EA0000FBCD /* SceneDelegate.swift */ = {isa = PBXFileReference; lastKnownFileType = sourcecode.swift; path = SceneDelegate.swift; sourceTree = "<group>"; };
		84BA8333261250EA0000FBCD /* ContentView.swift */ = {isa = PBXFileReference; lastKnownFileType = sourcecode.swift; path = ContentView.swift; sourceTree = "<group>"; };
		84BA8335261250EB0000FBCD /* Assets.xcassets */ = {isa = PBXFileReference; lastKnownFileType = folder.assetcatalog; path = Assets.xcassets; sourceTree = "<group>"; };
		84BA8338261250EB0000FBCD /* Preview Assets.xcassets */ = {isa = PBXFileReference; lastKnownFileType = folder.assetcatalog; path = "Preview Assets.xcassets"; sourceTree = "<group>"; };
		84BA833B261250EB0000FBCD /* Base */ = {isa = PBXFileReference; lastKnownFileType = file.storyboard; name = Base; path = Base.lproj/LaunchScreen.storyboard; sourceTree = "<group>"; };
		84BA833D261250EB0000FBCD /* Info.plist */ = {isa = PBXFileReference; lastKnownFileType = text.plist.xml; path = Info.plist; sourceTree = "<group>"; };
		84BA83442612511C0000FBCD /* FavouriteModel.swift */ = {isa = PBXFileReference; lastKnownFileType = sourcecode.swift; path = FavouriteModel.swift; sourceTree = "<group>"; };
		84F1481E26125682007E272C /* DetailsView.swift */ = {isa = PBXFileReference; lastKnownFileType = sourcecode.swift; path = DetailsView.swift; sourceTree = "<group>"; };
/* End PBXFileReference section */

/* Begin PBXFrameworksBuildPhase section */
		84BA8329261250EA0000FBCD /* Frameworks */ = {
			isa = PBXFrameworksBuildPhase;
			buildActionMask = 2147483647;
			files = (
			);
			runOnlyForDeploymentPostprocessing = 0;
		};
/* End PBXFrameworksBuildPhase section */

/* Begin PBXGroup section */
		84BA8323261250EA0000FBCD = {
			isa = PBXGroup;
			children = (
				84BA832E261250EA0000FBCD /* FavouriteBook */,
				84BA832D261250EA0000FBCD /* Products */,
			);
			sourceTree = "<group>";
		};
		84BA832D261250EA0000FBCD /* Products */ = {
			isa = PBXGroup;
			children = (
				84BA832C261250EA0000FBCD /* FavouriteBook.app */,
			);
			name = Products;
			sourceTree = "<group>";
		};
		84BA832E261250EA0000FBCD /* FavouriteBook */ = {
			isa = PBXGroup;
			children = (
				84BA832F261250EA0000FBCD /* AppDelegate.swift */,
				84BA8331261250EA0000FBCD /* SceneDelegate.swift */,
				84BA8333261250EA0000FBCD /* ContentView.swift */,
				84BA8335261250EB0000FBCD /* Assets.xcassets */,
				84BA833A261250EB0000FBCD /* LaunchScreen.storyboard */,
				84BA833D261250EB0000FBCD /* Info.plist */,
				84BA8337261250EB0000FBCD /* Preview Content */,
				84BA83442612511C0000FBCD /* FavouriteModel.swift */,
				84F1481E26125682007E272C /* DetailsView.swift */,
			);
			path = FavouriteBook;
			sourceTree = "<group>";
		};
		84BA8337261250EB0000FBCD /* Preview Content */ = {
			isa = PBXGroup;
			children = (
				84BA8338261250EB0000FBCD /* Preview Assets.xcassets */,
			);
			path = "Preview Content";
			sourceTree = "<group>";
		};
/* End PBXGroup section */

/* Begin PBXNativeTarget section */
		84BA832B261250EA0000FBCD /* FavouriteBook */ = {
			isa = PBXNativeTarget;
			buildConfigurationList = 84BA8340261250EB0000FBCD /* Build configuration list for PBXNativeTarget "FavouriteBook" */;
			buildPhases = (
				84BA8328261250EA0000FBCD /* Sources */,
				84BA8329261250EA0000FBCD /* Frameworks */,
				84BA832A261250EA0000FBCD /* Resources */,
			);
			buildRules = (
			);
			dependencies = (
			);
			name = FavouriteBook;
			productName = FavouriteBook;
			productReference = 84BA832C261250EA0000FBCD /* FavouriteBook.app */;
			productType = "com.apple.product-type.application";
		};
/* End PBXNativeTarget section */

/* Begin PBXProject section */
		84BA8324261250EA0000FBCD /* Project object */ = {
			isa = PBXProject;
			attributes = {
				LastSwiftUpdateCheck = 1230;
				LastUpgradeCheck = 1230;
				TargetAttributes = {
					84BA832B261250EA0000FBCD = {
						CreatedOnToolsVersion = 12.3;
					};
				};
			};
			buildConfigurationList = 84BA8327261250EA0000FBCD /* Build configuration list for PBXProject "FavouriteBook" */;
			compatibilityVersion = "Xcode 9.3";
			developmentRegion = en;
			hasScannedForEncodings = 0;
			knownRegions = (
				en,
				Base,
			);
			mainGroup = 84BA8323261250EA0000FBCD;
			productRefGroup = 84BA832D261250EA0000FBCD /* Products */;
			projectDirPath = "";
			projectRoot = "";
			targets = (
				84BA832B261250EA0000FBCD /* FavouriteBook */,
			);
		};
/* End PBXProject section */

/* Begin PBXResourcesBuildPhase section */
		84BA832A261250EA0000FBCD /* Resources */ = {
			isa = PBXResourcesBuildPhase;
			buildActionMask = 2147483647;
			files = (
				84BA833C261250EB0000FBCD /* LaunchScreen.storyboard in Resources */,
				84BA8339261250EB0000FBCD /* Preview Assets.xcassets in Resources */,
				84BA8336261250EB0000FBCD /* Assets.xcassets in Resources */,
			);
			runOnlyForDeploymentPostprocessing = 0;
		};
/* End PBXResourcesBuildPhase section */

/* Begin PBXSourcesBuildPhase section */
		84BA8328261250EA0000FBCD /* Sources */ = {
			isa = PBXSourcesBuildPhase;
			buildActionMask = 2147483647;
			files = (
				84BA8330261250EA0000FBCD /* AppDelegate.swift in Sources */,
				84F1481F26125682007E272C /* DetailsView.swift in Sources */,
				84BA83452612511C0000FBCD /* FavouriteModel.swift in Sources */,
				84BA8332261250EA0000FBCD /* SceneDelegate.swift in Sources */,
				84BA8334261250EA0000FBCD /* ContentView.swift in Sources */,
			);
			runOnlyForDeploymentPostprocessing = 0;
		};
/* End PBXSourcesBuildPhase section */

/* Begin PBXVariantGroup section */
		84BA833A261250EB0000FBCD /* LaunchScreen.storyboard */ = {
			isa = PBXVariantGroup;
			children = (
				84BA833B261250EB0000FBCD /* Base */,
			);
			name = LaunchScreen.storyboard;
			sourceTree = "<group>";
		};
/* End PBXVariantGroup section */

/* Begin XCBuildConfiguration section */
		84BA833E261250EB0000FBCD /* Debug */ = {
			isa = XCBuildConfiguration;
			buildSettings = {
				ALWAYS_SEARCH_USER_PATHS = NO;
				CLANG_ANALYZER_NONNULL = YES;
				CLANG_ANALYZER_NUMBER_OBJECT_CONVERSION = YES_AGGRESSIVE;
				CLANG_CXX_LANGUAGE_STANDARD = "gnu++14";
				CLANG_CXX_LIBRARY = "libc++";
				CLANG_ENABLE_MODULES = YES;
				CLANG_ENABLE_OBJC_ARC = YES;
				CLANG_ENABLE_OBJC_WEAK = YES;
				CLANG_WARN_BLOCK_CAPTURE_AUTORELEASING = YES;
				CLANG_WARN_BOOL_CONVERSION = YES;
				CLANG_WARN_COMMA = YES;
				CLANG_WARN_CONSTANT_CONVERSION = YES;
				CLANG_WARN_DEPRECATED_OBJC_IMPLEMENTATIONS = YES;
				CLANG_WARN_DIRECT_OBJC_ISA_USAGE = YES_ERROR;
				CLANG_WARN_DOCUMENTATION_COMMENTS = YES;
				CLANG_WARN_EMPTY_BODY = YES;
				CLANG_WARN_ENUM_CONVERSION = YES;
				CLANG_WARN_INFINITE_RECURSION = YES;
				CLANG_WARN_INT_CONVERSION = YES;
				CLANG_WARN_NON_LITERAL_NULL_CONVERSION = YES;
				CLANG_WARN_OBJC_IMPLICIT_RETAIN_SELF = YES;
				CLANG_WARN_OBJC_LITERAL_CONVERSION = YES;
				CLANG_WARN_OBJC_ROOT_CLASS = YES_ERROR;
				CLANG_WARN_QUOTED_INCLUDE_IN_FRAMEWORK_HEADER = YES;
				CLANG_WARN_RANGE_LOOP_ANALYSIS = YES;
				CLANG_WARN_STRICT_PROTOTYPES = YES;
				CLANG_WARN_SUSPICIOUS_MOVE = YES;
				CLANG_WARN_UNGUARDED_AVAILABILITY = YES_AGGRESSIVE;
				CLANG_WARN_UNREACHABLE_CODE = YES;
				CLANG_WARN__DUPLICATE_METHOD_MATCH = YES;
				COPY_PHASE_STRIP = NO;
				DEBUG_INFORMATION_FORMAT = dwarf;
				ENABLE_STRICT_OBJC_MSGSEND = YES;
				ENABLE_TESTABILITY = YES;
				GCC_C_LANGUAGE_STANDARD = gnu11;
				GCC_DYNAMIC_NO_PIC = NO;
				GCC_NO_COMMON_BLOCKS = YES;
				GCC_OPTIMIZATION_LEVEL = 0;
				GCC_PREPROCESSOR_DEFINITIONS = (
					"DEBUG=1",
					"$(inherited)",
				);
				GCC_WARN_64_TO_32_BIT_CONVERSION = YES;
				GCC_WARN_ABOUT_RETURN_TYPE = YES_ERROR;
				GCC_WARN_UNDECLARED_SELECTOR = YES;
				GCC_WARN_UNINITIALIZED_AUTOS = YES_AGGRESSIVE;
				GCC_WARN_UNUSED_FUNCTION = YES;
				GCC_WARN_UNUSED_VARIABLE = YES;
				IPHONEOS_DEPLOYMENT_TARGET = 14.3;
				MTL_ENABLE_DEBUG_INFO = INCLUDE_SOURCE;
				MTL_FAST_MATH = YES;
				ONLY_ACTIVE_ARCH = YES;
				SDKROOT = iphoneos;
				SWIFT_ACTIVE_COMPILATION_CONDITIONS = DEBUG;
				SWIFT_OPTIMIZATION_LEVEL = "-Onone";
			};
			name = Debug;
		};
		84BA833F261250EB0000FBCD /* Release */ = {
			isa = XCBuildConfiguration;
			buildSettings = {
				ALWAYS_SEARCH_USER_PATHS = NO;
				CLANG_ANALYZER_NONNULL = YES;
				CLANG_ANALYZER_NUMBER_OBJECT_CONVERSION = YES_AGGRESSIVE;
				CLANG_CXX_LANGUAGE_STANDARD = "gnu++14";
				CLANG_CXX_LIBRARY = "libc++";
				CLANG_ENABLE_MODULES = YES;
				CLANG_ENABLE_OBJC_ARC = YES;
				CLANG_ENABLE_OBJC_WEAK = YES;
				CLANG_WARN_BLOCK_CAPTURE_AUTORELEASING = YES;
				CLANG_WARN_BOOL_CONVERSION = YES;
				CLANG_WARN_COMMA = YES;
				CLANG_WARN_CONSTANT_CONVERSION = YES;
				CLANG_WARN_DEPRECATED_OBJC_IMPLEMENTATIONS = YES;
				CLANG_WARN_DIRECT_OBJC_ISA_USAGE = YES_ERROR;
				CLANG_WARN_DOCUMENTATION_COMMENTS = YES;
				CLANG_WARN_EMPTY_BODY = YES;
				CLANG_WARN_ENUM_CONVERSION = YES;
				CLANG_WARN_INFINITE_RECURSION = YES;
				CLANG_WARN_INT_CONVERSION = YES;
				CLANG_WARN_NON_LITERAL_NULL_CONVERSION = YES;
				CLANG_WARN_OBJC_IMPLICIT_RETAIN_SELF = YES;
				CLANG_WARN_OBJC_LITERAL_CONVERSION = YES;
				CLANG_WARN_OBJC_ROOT_CLASS = YES_ERROR;
				CLANG_WARN_QUOTED_INCLUDE_IN_FRAMEWORK_HEADER = YES;
				CLANG_WARN_RANGE_LOOP_ANALYSIS = YES;
				CLANG_WARN_STRICT_PROTOTYPES = YES;
				CLANG_WARN_SUSPICIOUS_MOVE = YES;
				CLANG_WARN_UNGUARDED_AVAILABILITY = YES_AGGRESSIVE;
				CLANG_WARN_UNREACHABLE_CODE = YES;
				CLANG_WARN__DUPLICATE_METHOD_MATCH = YES;
				COPY_PHASE_STRIP = NO;
				DEBUG_INFORMATION_FORMAT = "dwarf-with-dsym";
				ENABLE_NS_ASSERTIONS = NO;
				ENABLE_STRICT_OBJC_MSGSEND = YES;
				GCC_C_LANGUAGE_STANDARD = gnu11;
				GCC_NO_COMMON_BLOCKS = YES;
				GCC_WARN_64_TO_32_BIT_CONVERSION = YES;
				GCC_WARN_ABOUT_RETURN_TYPE = YES_ERROR;
				GCC_WARN_UNDECLARED_SELECTOR = YES;
				GCC_WARN_UNINITIALIZED_AUTOS = YES_AGGRESSIVE;
				GCC_WARN_UNUSED_FUNCTION = YES;
				GCC_WARN_UNUSED_VARIABLE = YES;
				IPHONEOS_DEPLOYMENT_TARGET = 14.3;
				MTL_ENABLE_DEBUG_INFO = NO;
				MTL_FAST_MATH = YES;
				SDKROOT = iphoneos;
				SWIFT_COMPILATION_MODE = wholemodule;
				SWIFT_OPTIMIZATION_LEVEL = "-O";
				VALIDATE_PRODUCT = YES;
			};
			name = Release;
		};
		84BA8341261250EB0000FBCD /* Debug */ = {
			isa = XCBuildConfiguration;
			buildSettings = {
				ASSETCATALOG_COMPILER_APPICON_NAME = AppIcon;
				ASSETCATALOG_COMPILER_GLOBAL_ACCENT_COLOR_NAME = AccentColor;
				CODE_SIGN_STYLE = Automatic;
				DEVELOPMENT_ASSET_PATHS = "\"FavouriteBook/Preview Content\"";
				DEVELOPMENT_TEAM = 5KYS7729G6;
				ENABLE_PREVIEWS = YES;
				INFOPLIST_FILE = FavouriteBook/Info.plist;
				LD_RUNPATH_SEARCH_PATHS = (
					"$(inherited)",
					"@executable_path/Frameworks",
				);
				PRODUCT_BUNDLE_IDENTIFIER = com.DevCompany.FavouriteBook;
				PRODUCT_NAME = "$(TARGET_NAME)";
				SWIFT_VERSION = 5.0;
				TARGETED_DEVICE_FAMILY = "1,2";
			};
			name = Debug;
		};
		84BA8342261250EB0000FBCD /* Release */ = {
			isa = XCBuildConfiguration;
			buildSettings = {
				ASSETCATALOG_COMPILER_APPICON_NAME = AppIcon;
				ASSETCATALOG_COMPILER_GLOBAL_ACCENT_COLOR_NAME = AccentColor;
				CODE_SIGN_STYLE = Automatic;
				DEVELOPMENT_ASSET_PATHS = "\"FavouriteBook/Preview Content\"";
				DEVELOPMENT_TEAM = 5KYS7729G6;
				ENABLE_PREVIEWS = YES;
				INFOPLIST_FILE = FavouriteBook/Info.plist;
				LD_RUNPATH_SEARCH_PATHS = (
					"$(inherited)",
					"@executable_path/Frameworks",
				);
				PRODUCT_BUNDLE_IDENTIFIER = com.DevCompany.FavouriteBook;
				PRODUCT_NAME = "$(TARGET_NAME)";
				SWIFT_VERSION = 5.0;
				TARGETED_DEVICE_FAMILY = "1,2";
			};
			name = Release;
		};
/* End XCBuildConfiguration section */

/* Begin XCConfigurationList section */
		84BA8327261250EA0000FBCD /* Build configuration list for PBXProject "FavouriteBook" */ = {
			isa = XCConfigurationList;
			buildConfigurations = (
				84BA833E261250EB0000FBCD /* Debug */,
				84BA833F261250EB0000FBCD /* Release */,
			);
			defaultConfigurationIsVisible = 0;
			defaultConfigurationName = Release;
		};
		84BA8340261250EB0000FBCD /* Build configuration list for PBXNativeTarget "FavouriteBook" */ = {
			isa = XCConfigurationList;
			buildConfigurations = (
				84BA8341261250EB0000FBCD /* Debug */,
				84BA8342261250EB0000FBCD /* Release */,
			);
			defaultConfigurationIsVisible = 0;
			defaultConfigurationName = Release;
		};
/* End XCConfigurationList section */
	};
	rootObject = 84BA8324261250EA0000FBCD /* Project object */;
}
